
Microsoft Visual Studio Solution File, Format Version 12.00
# Visual Studio 15
VisualStudioVersion = 15.0.28010.2036
MinimumVisualStudioVersion = 10.0.40219.1
Project("{2150E333-8FDC-42A3-9474-1A3956D46DE8}") = "1 - Client Side", "1 - Client Side", "{3A482745-5BDA-43F6-B87D-FB58D38AA52B}"
EndProject
Project("{2150E333-8FDC-42A3-9474-1A3956D46DE8}") = "2 - Server Side", "2 - Server Side", "{49AB919B-F405-4E65-B708-C10C036AA5BA}"
EndProject
Project("{FAE04EC0-301F-11D3-BF4B-00C04F79EFBC}") = "CurrencyQuote.ServerSide.Api", "src\CurrencyQuote.ServerSide.Api\CurrencyQuote.ServerSide.Api.csproj", "{C740F477-318F-49E3-8793-70E8B1039856}"
EndProject
Global
	GlobalSection(SolutionConfigurationPlatforms) = preSolution
		Debug|Any CPU = Debug|Any CPU
		Release|Any CPU = Release|Any CPU
	EndGlobalSection
	GlobalSection(ProjectConfigurationPlatforms) = postSolution
		{C740F477-318F-49E3-8793-70E8B1039856}.Debug|Any CPU.ActiveCfg = Debug|Any CPU
		{C740F477-318F-49E3-8793-70E8B1039856}.Debug|Any CPU.Build.0 = Debug|Any CPU
		{C740F477-318F-49E3-8793-70E8B1039856}.Release|Any CPU.ActiveCfg = Release|Any CPU
		{C740F477-318F-49E3-8793-70E8B1039856}.Release|Any CPU.Build.0 = Release|Any CPU
	EndGlobalSection
	GlobalSection(SolutionProperties) = preSolution
		HideSolutionNode = FALSE
	EndGlobalSection
	GlobalSection(NestedProjects) = preSolution
		{C740F477-318F-49E3-8793-70E8B1039856} = {49AB919B-F405-4E65-B708-C10C036AA5BA}
	EndGlobalSection
	GlobalSection(ExtensibilityGlobals) = postSolution
		SolutionGuid = {243AC294-5694-4D07-BA2A-B0479FE896A5}
	EndGlobalSection
EndGlobal
